
Microsoft Visual Studio Solution File, Format Version 12.00
# Visual Studio Version 17
VisualStudioVersion = 17.6.33723.286
MinimumVisualStudioVersion = 10.0.40219.1
Project("{9A19103F-16F7-4668-BE54-9A1E7A4F7556}") = "AutoMapperLibary.UI", "AutoMapperLibary.UI\AutoMapperLibary.UI.csproj", "{766D3679-97D4-4D70-8C6D-66D8D8574BDE}"
EndProject
Project("{9A19103F-16F7-4668-BE54-9A1E7A4F7556}") = "Hangfire.UI", "Hangfire.UI\Hangfire.UI.csproj", "{B0623A1D-DE3F-4052-AFC9-CB944E759DCF}"
EndProject
Project("{9A19103F-16F7-4668-BE54-9A1E7A4F7556}") = "RateLimitLibary.UI", "RateLimitLibary\RateLimitLibary.UI.csproj", "{341D585F-FE8A-425B-BB26-67E2B0AC12BA}"
EndProject
Project("{9A19103F-16F7-4668-BE54-9A1E7A4F7556}") = "NLog.UI", "NLog.UI\NLog.UI.csproj", "{7CCD17DD-8B04-47FC-B835-1B3EEAD415E3}"
EndProject
Project("{FAE04EC0-301F-11D3-BF4B-00C04F79EFBC}") = "FluentValidation.UI", "FluentValidation.UI\FluentValidation.UI.csproj", "{98FA5D97-BC22-4845-AC91-54B50729A8F9}"
EndProject
Global
	GlobalSection(SolutionConfigurationPlatforms) = preSolution
		Debug|Any CPU = Debug|Any CPU
		Release|Any CPU = Release|Any CPU
	EndGlobalSection
	GlobalSection(ProjectConfigurationPlatforms) = postSolution
		{766D3679-97D4-4D70-8C6D-66D8D8574BDE}.Debug|Any CPU.ActiveCfg = Debug|Any CPU
		{766D3679-97D4-4D70-8C6D-66D8D8574BDE}.Debug|Any CPU.Build.0 = Debug|Any CPU
		{766D3679-97D4-4D70-8C6D-66D8D8574BDE}.Release|Any CPU.ActiveCfg = Release|Any CPU
		{766D3679-97D4-4D70-8C6D-66D8D8574BDE}.Release|Any CPU.Build.0 = Release|Any CPU
		{B0623A1D-DE3F-4052-AFC9-CB944E759DCF}.Debug|Any CPU.ActiveCfg = Debug|Any CPU
		{B0623A1D-DE3F-4052-AFC9-CB944E759DCF}.Debug|Any CPU.Build.0 = Debug|Any CPU
		{B0623A1D-DE3F-4052-AFC9-CB944E759DCF}.Release|Any CPU.ActiveCfg = Release|Any CPU
		{B0623A1D-DE3F-4052-AFC9-CB944E759DCF}.Release|Any CPU.Build.0 = Release|Any CPU
		{341D585F-FE8A-425B-BB26-67E2B0AC12BA}.Debug|Any CPU.ActiveCfg = Debug|Any CPU
		{341D585F-FE8A-425B-BB26-67E2B0AC12BA}.Debug|Any CPU.Build.0 = Debug|Any CPU
		{341D585F-FE8A-425B-BB26-67E2B0AC12BA}.Release|Any CPU.ActiveCfg = Release|Any CPU
		{341D585F-FE8A-425B-BB26-67E2B0AC12BA}.Release|Any CPU.Build.0 = Release|Any CPU
		{7CCD17DD-8B04-47FC-B835-1B3EEAD415E3}.Debug|Any CPU.ActiveCfg = Debug|Any CPU
		{7CCD17DD-8B04-47FC-B835-1B3EEAD415E3}.Debug|Any CPU.Build.0 = Debug|Any CPU
		{7CCD17DD-8B04-47FC-B835-1B3EEAD415E3}.Release|Any CPU.ActiveCfg = Release|Any CPU
		{7CCD17DD-8B04-47FC-B835-1B3EEAD415E3}.Release|Any CPU.Build.0 = Release|Any CPU
		{98FA5D97-BC22-4845-AC91-54B50729A8F9}.Debug|Any CPU.ActiveCfg = Debug|Any CPU
		{98FA5D97-BC22-4845-AC91-54B50729A8F9}.Debug|Any CPU.Build.0 = Debug|Any CPU
		{98FA5D97-BC22-4845-AC91-54B50729A8F9}.Release|Any CPU.ActiveCfg = Release|Any CPU
		{98FA5D97-BC22-4845-AC91-54B50729A8F9}.Release|Any CPU.Build.0 = Release|Any CPU
	EndGlobalSection
	GlobalSection(SolutionProperties) = preSolution
		HideSolutionNode = FALSE
	EndGlobalSection
	GlobalSection(ExtensibilityGlobals) = postSolution
		SolutionGuid = {FCD4CC2F-DA2D-45EA-BB73-E82515FCC8C1}
	EndGlobalSection
EndGlobal
